Microsoft Visual Studio Solution File, Format Version 12.00
# Visual Studio Version 17
VisualStudioVersion = 17.5.2.0
MinimumVisualStudioVersion = 10.0.40219.1
Project("{FAE04EC0-301F-11D3-BF4B-00C04F79EFBC}") = "MVC_AurumLab", "MVC_AurumLab.csproj", "{14789813-6CC4-64BE-250A-A911058FEF64}"
EndProject
Global
	GlobalSection(SolutionConfigurationPlatforms) = preSolution
		Debug|Any CPU = Debug|Any CPU
		Release|Any CPU = Release|Any CPU
	EndGlobalSection
	GlobalSection(ProjectConfigurationPlatforms) = postSolution
		{14789813-6CC4-64BE-250A-A911058FEF64}.Debug|Any CPU.ActiveCfg = Debug|Any CPU
		{14789813-6CC4-64BE-250A-A911058FEF64}.Debug|Any CPU.Build.0 = Debug|Any CPU
		{14789813-6CC4-64BE-250A-A911058FEF64}.Release|Any CPU.ActiveCfg = Release|Any CPU
		{14789813-6CC4-64BE-250A-A911058FEF64}.Release|Any CPU.Build.0 = Release|Any CPU
	EndGlobalSection
	GlobalSection(SolutionProperties) = preSolution
		HideSolutionNode = FALSE
	EndGlobalSection
	GlobalSection(ExtensibilityGlobals) = postSolution
		SolutionGuid = {B393CE01-788A-43A1-AFA9-94EC0A5A73A2}
	EndGlobalSection
EndGlobal
